
Microsoft Visual Studio Solution File, Format Version 12.00
# Visual Studio Version 16
VisualStudioVersion = 25.0.1700.0
MinimumVisualStudioVersion = 10.0.40219.1
Project("{FAE04EC0-301F-11D3-BF4B-00C04F79EFBC}") = "HtmlCOBOL", "HtmlCOBOL\HtmlCOBOL.csproj", "{13695080-EB84-4647-9955-ECBB1621D5EA}"
EndProject
Project("{FAE04EC0-301F-11D3-BF4B-00C04F79EFBC}") = "Cobol", "Cobol\Cobol.csproj", "{BEACFA70-05AB-42E7-A006-7F209565A540}"
EndProject
Global
	GlobalSection(SolutionConfigurationPlatforms) = preSolution
		Debug|Any CPU = Debug|Any CPU
		Release|Any CPU = Release|Any CPU
	EndGlobalSection
	GlobalSection(ProjectConfigurationPlatforms) = postSolution
		{13695080-EB84-4647-9955-ECBB1621D5EA}.Debug|Any CPU.ActiveCfg = Debug|Any CPU
		{13695080-EB84-4647-9955-ECBB1621D5EA}.Debug|Any CPU.Build.0 = Debug|Any CPU
		{13695080-EB84-4647-9955-ECBB1621D5EA}.Release|Any CPU.ActiveCfg = Release|Any CPU
		{13695080-EB84-4647-9955-ECBB1621D5EA}.Release|Any CPU.Build.0 = Release|Any CPU
		{BEACFA70-05AB-42E7-A006-7F209565A540}.Debug|Any CPU.ActiveCfg = Debug|Any CPU
		{BEACFA70-05AB-42E7-A006-7F209565A540}.Debug|Any CPU.Build.0 = Debug|Any CPU
		{BEACFA70-05AB-42E7-A006-7F209565A540}.Release|Any CPU.ActiveCfg = Release|Any CPU
		{BEACFA70-05AB-42E7-A006-7F209565A540}.Release|Any CPU.Build.0 = Release|Any CPU
	EndGlobalSection
	GlobalSection(SolutionProperties) = preSolution
		HideSolutionNode = FALSE
	EndGlobalSection
	GlobalSection(ExtensibilityGlobals) = postSolution
		SolutionGuid = {49A7EC8D-6B31-4FCB-9837-62CB3FD78D2D}
	EndGlobalSection
EndGlobal
